
Microsoft Visual Studio Solution File, Format Version 12.00
# Visual Studio Version 16
VisualStudioVersion = 16.0.33801.447
MinimumVisualStudioVersion = 10.0.40219.1
Project("{FAE04EC0-301F-11D3-BF4B-00C04F79EFBC}") = "DatabaseLayer", "DatabaseLayer\DatabaseLayer.csproj", "{79AF213E-5C4B-478C-AAB2-1668AE50CACD}"
EndProject
Project("{FAE04EC0-301F-11D3-BF4B-00C04F79EFBC}") = "OnlineDiagnosticSystem", "OnlineDiagnosticSystem\OnlineDiagnosticSystem.csproj", "{8172686C-D41A-487D-B79A-A9D4176B9180}"
EndProject
Global
	GlobalSection(SolutionConfigurationPlatforms) = preSolution
		Debug|Any CPU = Debug|Any CPU
		Release|Any CPU = Release|Any CPU
	EndGlobalSection
	GlobalSection(ProjectConfigurationPlatforms) = postSolution
		{79AF213E-5C4B-478C-AAB2-1668AE50CACD}.Debug|Any CPU.ActiveCfg = Debug|Any CPU
		{79AF213E-5C4B-478C-AAB2-1668AE50CACD}.Debug|Any CPU.Build.0 = Debug|Any CPU
		{79AF213E-5C4B-478C-AAB2-1668AE50CACD}.Release|Any CPU.ActiveCfg = Release|Any CPU
		{79AF213E-5C4B-478C-AAB2-1668AE50CACD}.Release|Any CPU.Build.0 = Release|Any CPU
		{8172686C-D41A-487D-B79A-A9D4176B9180}.Debug|Any CPU.ActiveCfg = Debug|Any CPU
		{8172686C-D41A-487D-B79A-A9D4176B9180}.Debug|Any CPU.Build.0 = Debug|Any CPU
		{8172686C-D41A-487D-B79A-A9D4176B9180}.Release|Any CPU.ActiveCfg = Release|Any CPU
		{8172686C-D41A-487D-B79A-A9D4176B9180}.Release|Any CPU.Build.0 = Release|Any CPU
	EndGlobalSection
	GlobalSection(SolutionProperties) = preSolution
		HideSolutionNode = FALSE
	EndGlobalSection
	GlobalSection(ExtensibilityGlobals) = postSolution
		SolutionGuid = {C978C3F4-2F89-4355-A5FE-FABB067B10B6}
	EndGlobalSection
EndGlobal
